
Microsoft Visual Studio Solution File, Format Version 12.00
# Visual Studio Version 16
VisualStudioVersion = 16.0.32228.343
MinimumVisualStudioVersion = 10.0.40219.1
Project("{FAE04EC0-301F-11D3-BF4B-00C04F79EFBC}") = "WebPruebaAccesoDat", "WebPruebaAccesoDat\WebPruebaAccesoDat.csproj", "{318B0BE0-2B93-4AA6-AD3B-31EF73A61A8D}"
EndProject
Project("{FAE04EC0-301F-11D3-BF4B-00C04F79EFBC}") = "ClassAccesoSQL", "ClassAccesoSQL\ClassAccesoSQL.csproj", "{75391147-2754-4901-AB6C-3552F1781576}"
EndProject
Global
	GlobalSection(SolutionConfigurationPlatforms) = preSolution
		Debug|Any CPU = Debug|Any CPU
		Release|Any CPU = Release|Any CPU
	EndGlobalSection
	GlobalSection(ProjectConfigurationPlatforms) = postSolution
		{318B0BE0-2B93-4AA6-AD3B-31EF73A61A8D}.Debug|Any CPU.ActiveCfg = Debug|Any CPU
		{318B0BE0-2B93-4AA6-AD3B-31EF73A61A8D}.Debug|Any CPU.Build.0 = Debug|Any CPU
		{318B0BE0-2B93-4AA6-AD3B-31EF73A61A8D}.Release|Any CPU.ActiveCfg = Release|Any CPU
		{318B0BE0-2B93-4AA6-AD3B-31EF73A61A8D}.Release|Any CPU.Build.0 = Release|Any CPU
		{75391147-2754-4901-AB6C-3552F1781576}.Debug|Any CPU.ActiveCfg = Debug|Any CPU
		{75391147-2754-4901-AB6C-3552F1781576}.Debug|Any CPU.Build.0 = Debug|Any CPU
		{75391147-2754-4901-AB6C-3552F1781576}.Release|Any CPU.ActiveCfg = Release|Any CPU
		{75391147-2754-4901-AB6C-3552F1781576}.Release|Any CPU.Build.0 = Release|Any CPU
	EndGlobalSection
	GlobalSection(SolutionProperties) = preSolution
		HideSolutionNode = FALSE
	EndGlobalSection
	GlobalSection(ExtensibilityGlobals) = postSolution
		SolutionGuid = {22F59A91-AD71-4FBB-8ADF-3184771BD729}
	EndGlobalSection
EndGlobal
